
Microsoft Visual Studio Solution File, Format Version 12.00
# Visual Studio 14
VisualStudioVersion = 14.0.25420.1
MinimumVisualStudioVersion = 10.0.40219.1
Project("{FAE04EC0-301F-11D3-BF4B-00C04F79EFBC}") = "NoCommons.Old", "NoCommons.Old\NoCommons.Old.csproj", "{18E7F5EE-B399-4A78-8A2E-694D5F84674C}"
EndProject
Project("{FAE04EC0-301F-11D3-BF4B-00C04F79EFBC}") = "NoCommons.Old.Tests", "NoCommons.Old.Tests\NoCommons.Old.Tests.csproj", "{31CC9124-A7CF-427C-95D9-E06651E7846F}"
EndProject
Project("{2150E333-8FDC-42A3-9474-1A3956D46DE8}") = "Samples", "Samples", "{E6106EB8-77BD-4B2D-87B5-0E9D4FB86315}"
EndProject
Project("{FAE04EC0-301F-11D3-BF4B-00C04F79EFBC}") = "ConsoleDotNet45", "ConsoleDotNet45\ConsoleDotNet45.csproj", "{1C804D7C-0CB1-4630-800B-7370F89EC3F7}"
EndProject
Project("{FAE04EC0-301F-11D3-BF4B-00C04F79EFBC}") = "ConsoleDotNet46", "ConsoleDotNet46\ConsoleDotNet46.csproj", "{0C4022C0-EE6F-4D94-BFB0-E363A0F2D837}"
EndProject
Project("{8BB2217D-0F2D-49D1-97BC-3654ED321F3B}") = "ConsoleDotNetCore1.0", "ConsoleDotNetCore1.0\ConsoleDotNetCore1.0.xproj", "{B6417692-7300-45F1-9309-10D5B3CDE304}"
EndProject
Project("{8BB2217D-0F2D-49D1-97BC-3654ED321F3B}") = "ConsoleDotNetCore1.1", "ConsoleDotNetCore1.1\ConsoleDotNetCore1.1.xproj", "{8AC05FE4-BDCF-4917-AA09-24F82152BB29}"
EndProject
Project("{8BB2217D-0F2D-49D1-97BC-3654ED321F3B}") = "NoCommons", "NoCommons\NoCommons.xproj", "{FDEE12D8-0DF3-4FDB-B7EC-8358FA039C34}"
EndProject
Project("{2150E333-8FDC-42A3-9474-1A3956D46DE8}") = "SlnItems", "SlnItems", "{8E7DAB71-35E7-470D-A7F5-A83C02AF89AA}"
	ProjectSection(SolutionItems) = preProject
		global.json = global.json
	EndProjectSection
EndProject
Project("{8BB2217D-0F2D-49D1-97BC-3654ED321F3B}") = "NoCommons.Tests", "NoCommons.Tests\NoCommons.Tests.xproj", "{14D5C0E4-0275-4F28-B978-21401CC61506}"
EndProject
Global
	GlobalSection(SolutionConfigurationPlatforms) = preSolution
		Debug|Any CPU = Debug|Any CPU
		Release|Any CPU = Release|Any CPU
	EndGlobalSection
	GlobalSection(ProjectConfigurationPlatforms) = postSolution
		{18E7F5EE-B399-4A78-8A2E-694D5F84674C}.Debug|Any CPU.ActiveCfg = Debug|Any CPU
		{18E7F5EE-B399-4A78-8A2E-694D5F84674C}.Debug|Any CPU.Build.0 = Debug|Any CPU
		{18E7F5EE-B399-4A78-8A2E-694D5F84674C}.Release|Any CPU.ActiveCfg = Release|Any CPU
		{18E7F5EE-B399-4A78-8A2E-694D5F84674C}.Release|Any CPU.Build.0 = Release|Any CPU
		{31CC9124-A7CF-427C-95D9-E06651E7846F}.Debug|Any CPU.ActiveCfg = Debug|Any CPU
		{31CC9124-A7CF-427C-95D9-E06651E7846F}.Debug|Any CPU.Build.0 = Debug|Any CPU
		{31CC9124-A7CF-427C-95D9-E06651E7846F}.Release|Any CPU.ActiveCfg = Release|Any CPU
		{31CC9124-A7CF-427C-95D9-E06651E7846F}.Release|Any CPU.Build.0 = Release|Any CPU
		{1C804D7C-0CB1-4630-800B-7370F89EC3F7}.Debug|Any CPU.ActiveCfg = Debug|Any CPU
		{1C804D7C-0CB1-4630-800B-7370F89EC3F7}.Debug|Any CPU.Build.0 = Debug|Any CPU
		{1C804D7C-0CB1-4630-800B-7370F89EC3F7}.Release|Any CPU.ActiveCfg = Release|Any CPU
		{1C804D7C-0CB1-4630-800B-7370F89EC3F7}.Release|Any CPU.Build.0 = Release|Any CPU
		{0C4022C0-EE6F-4D94-BFB0-E363A0F2D837}.Debug|Any CPU.ActiveCfg = Debug|Any CPU
		{0C4022C0-EE6F-4D94-BFB0-E363A0F2D837}.Debug|Any CPU.Build.0 = Debug|Any CPU
		{0C4022C0-EE6F-4D94-BFB0-E363A0F2D837}.Release|Any CPU.ActiveCfg = Release|Any CPU
		{0C4022C0-EE6F-4D94-BFB0-E363A0F2D837}.Release|Any CPU.Build.0 = Release|Any CPU
		{B6417692-7300-45F1-9309-10D5B3CDE304}.Debug|Any CPU.ActiveCfg = Debug|Any CPU
		{B6417692-7300-45F1-9309-10D5B3CDE304}.Debug|Any CPU.Build.0 = Debug|Any CPU
		{B6417692-7300-45F1-9309-10D5B3CDE304}.Release|Any CPU.ActiveCfg = Release|Any CPU
		{B6417692-7300-45F1-9309-10D5B3CDE304}.Release|Any CPU.Build.0 = Release|Any CPU
		{8AC05FE4-BDCF-4917-AA09-24F82152BB29}.Debug|Any CPU.ActiveCfg = Debug|Any CPU
		{8AC05FE4-BDCF-4917-AA09-24F82152BB29}.Debug|Any CPU.Build.0 = Debug|Any CPU
		{8AC05FE4-BDCF-4917-AA09-24F82152BB29}.Release|Any CPU.ActiveCfg = Release|Any CPU
		{8AC05FE4-BDCF-4917-AA09-24F82152BB29}.Release|Any CPU.Build.0 = Release|Any CPU
		{FDEE12D8-0DF3-4FDB-B7EC-8358FA039C34}.Debug|Any CPU.ActiveCfg = Debug|Any CPU
		{FDEE12D8-0DF3-4FDB-B7EC-8358FA039C34}.Debug|Any CPU.Build.0 = Debug|Any CPU
		{FDEE12D8-0DF3-4FDB-B7EC-8358FA039C34}.Release|Any CPU.ActiveCfg = Release|Any CPU
		{FDEE12D8-0DF3-4FDB-B7EC-8358FA039C34}.Release|Any CPU.Build.0 = Release|Any CPU
		{14D5C0E4-0275-4F28-B978-21401CC61506}.Debug|Any CPU.ActiveCfg = Debug|Any CPU
		{14D5C0E4-0275-4F28-B978-21401CC61506}.Debug|Any CPU.Build.0 = Debug|Any CPU
		{14D5C0E4-0275-4F28-B978-21401CC61506}.Release|Any CPU.ActiveCfg = Release|Any CPU
		{14D5C0E4-0275-4F28-B978-21401CC61506}.Release|Any CPU.Build.0 = Release|Any CPU
	EndGlobalSection
	GlobalSection(SolutionProperties) = preSolution
		HideSolutionNode = FALSE
	EndGlobalSection
	GlobalSection(NestedProjects) = preSolution
		{1C804D7C-0CB1-4630-800B-7370F89EC3F7} = {E6106EB8-77BD-4B2D-87B5-0E9D4FB86315}
		{0C4022C0-EE6F-4D94-BFB0-E363A0F2D837} = {E6106EB8-77BD-4B2D-87B5-0E9D4FB86315}
		{B6417692-7300-45F1-9309-10D5B3CDE304} = {E6106EB8-77BD-4B2D-87B5-0E9D4FB86315}
		{8AC05FE4-BDCF-4917-AA09-24F82152BB29} = {E6106EB8-77BD-4B2D-87B5-0E9D4FB86315}
	EndGlobalSection
EndGlobal
