
Microsoft Visual Studio Solution File, Format Version 12.00
# Visual Studio 15
VisualStudioVersion = 15.0.26114.2
MinimumVisualStudioVersion = 10.0.40219.1
Project("{FAE04EC0-301F-11D3-BF4B-00C04F79EFBC}") = "NoCommons", "NoCommons\NoCommons.csproj", "{FDEE12D8-0DF3-4FDB-B7EC-8358FA039C34}"
EndProject
Project("{FAE04EC0-301F-11D3-BF4B-00C04F79EFBC}") = "NoCommons.Tests", "NoCommons.Tests\NoCommons.Tests.csproj", "{14D5C0E4-0275-4F28-B978-21401CC61506}"
EndProject
Project("{2150E333-8FDC-42A3-9474-1A3956D46DE8}") = "Build", "Build", "{5F3B8579-1D0D-403E-B79B-13515D3578D0}"
ProjectSection(SolutionItems) = preProject
	.github\FUNDING.yml = .github\FUNDING.yml
	.github\workflows\CI.yml = .github\workflows\CI.yml
	.github\workflows\Release.yml = .github\workflows\Release.yml
EndProjectSection
EndProject
Global
	GlobalSection(SolutionConfigurationPlatforms) = preSolution
		Debug|Any CPU = Debug|Any CPU
		Release|Any CPU = Release|Any CPU
	EndGlobalSection
	GlobalSection(ProjectConfigurationPlatforms) = postSolution
		{FDEE12D8-0DF3-4FDB-B7EC-8358FA039C34}.Debug|Any CPU.ActiveCfg = Debug|Any CPU
		{FDEE12D8-0DF3-4FDB-B7EC-8358FA039C34}.Debug|Any CPU.Build.0 = Debug|Any CPU
		{FDEE12D8-0DF3-4FDB-B7EC-8358FA039C34}.Release|Any CPU.ActiveCfg = Release|Any CPU
		{FDEE12D8-0DF3-4FDB-B7EC-8358FA039C34}.Release|Any CPU.Build.0 = Release|Any CPU
		{14D5C0E4-0275-4F28-B978-21401CC61506}.Debug|Any CPU.ActiveCfg = Debug|Any CPU
		{14D5C0E4-0275-4F28-B978-21401CC61506}.Debug|Any CPU.Build.0 = Debug|Any CPU
		{14D5C0E4-0275-4F28-B978-21401CC61506}.Release|Any CPU.ActiveCfg = Release|Any CPU
		{14D5C0E4-0275-4F28-B978-21401CC61506}.Release|Any CPU.Build.0 = Release|Any CPU
	EndGlobalSection
	GlobalSection(SolutionProperties) = preSolution
		HideSolutionNode = FALSE
	EndGlobalSection
EndGlobal
